
Microsoft Visual Studio Solution File, Format Version 12.00
# Visual Studio Version 17
VisualStudioVersion = 17.0.31903.59
MinimumVisualStudioVersion = 10.0.40219.1
Project("{9A19103F-16F7-4668-BE54-9A1E7A4F7556}") = "WindowsService", "WindowsService\WindowsService.csproj", "{16550905-A91D-4E74-860D-056405BDC710}"
EndProject
Project("{9A19103F-16F7-4668-BE54-9A1E7A4F7556}") = "BusHandler", "BusHandler\BusHandler.csproj", "{22131B07-CDBE-47AA-80BB-5976ACCC1D1D}"
EndProject
Project("{FAE04EC0-301F-11D3-BF4B-00C04F79EFBC}") = "PublisherApp", "PublisherApp\PublisherApp.csproj", "{6A8F0F5B-6259-4B9B-991D-7C0FF08AB04D}"
EndProject
Project("{FAE04EC0-301F-11D3-BF4B-00C04F79EFBC}") = "Messages", "Messages\Messages.csproj", "{7996388F-4C60-445A-9D1F-923D9348848A}"
EndProject
Project("{FAE04EC0-301F-11D3-BF4B-00C04F79EFBC}") = "SubscriberApp", "SubscriberApp\SubscriberApp.csproj", "{CE23DEAA-1ADA-4611-83A2-39C3C1F19CCB}"
EndProject
Global
	GlobalSection(SolutionConfigurationPlatforms) = preSolution
		Debug|Any CPU = Debug|Any CPU
		Release|Any CPU = Release|Any CPU
	EndGlobalSection
	GlobalSection(ProjectConfigurationPlatforms) = postSolution
		{16550905-A91D-4E74-860D-056405BDC710}.Debug|Any CPU.ActiveCfg = Debug|Any CPU
		{16550905-A91D-4E74-860D-056405BDC710}.Debug|Any CPU.Build.0 = Debug|Any CPU
		{16550905-A91D-4E74-860D-056405BDC710}.Release|Any CPU.ActiveCfg = Release|Any CPU
		{16550905-A91D-4E74-860D-056405BDC710}.Release|Any CPU.Build.0 = Release|Any CPU
		{22131B07-CDBE-47AA-80BB-5976ACCC1D1D}.Debug|Any CPU.ActiveCfg = Debug|Any CPU
		{22131B07-CDBE-47AA-80BB-5976ACCC1D1D}.Debug|Any CPU.Build.0 = Debug|Any CPU
		{22131B07-CDBE-47AA-80BB-5976ACCC1D1D}.Release|Any CPU.ActiveCfg = Release|Any CPU
		{22131B07-CDBE-47AA-80BB-5976ACCC1D1D}.Release|Any CPU.Build.0 = Release|Any CPU
		{6A8F0F5B-6259-4B9B-991D-7C0FF08AB04D}.Debug|Any CPU.ActiveCfg = Debug|Any CPU
		{6A8F0F5B-6259-4B9B-991D-7C0FF08AB04D}.Debug|Any CPU.Build.0 = Debug|Any CPU
		{6A8F0F5B-6259-4B9B-991D-7C0FF08AB04D}.Release|Any CPU.ActiveCfg = Release|Any CPU
		{6A8F0F5B-6259-4B9B-991D-7C0FF08AB04D}.Release|Any CPU.Build.0 = Release|Any CPU
		{7996388F-4C60-445A-9D1F-923D9348848A}.Debug|Any CPU.ActiveCfg = Debug|Any CPU
		{7996388F-4C60-445A-9D1F-923D9348848A}.Debug|Any CPU.Build.0 = Debug|Any CPU
		{7996388F-4C60-445A-9D1F-923D9348848A}.Release|Any CPU.ActiveCfg = Release|Any CPU
		{7996388F-4C60-445A-9D1F-923D9348848A}.Release|Any CPU.Build.0 = Release|Any CPU
		{CE23DEAA-1ADA-4611-83A2-39C3C1F19CCB}.Debug|Any CPU.ActiveCfg = Debug|Any CPU
		{CE23DEAA-1ADA-4611-83A2-39C3C1F19CCB}.Debug|Any CPU.Build.0 = Debug|Any CPU
		{CE23DEAA-1ADA-4611-83A2-39C3C1F19CCB}.Release|Any CPU.ActiveCfg = Release|Any CPU
		{CE23DEAA-1ADA-4611-83A2-39C3C1F19CCB}.Release|Any CPU.Build.0 = Release|Any CPU
	EndGlobalSection
	GlobalSection(SolutionProperties) = preSolution
		HideSolutionNode = FALSE
	EndGlobalSection
	GlobalSection(ExtensibilityGlobals) = postSolution
		SolutionGuid = {38DFD9DE-6A57-4A7F-B446-282BA2BE1A6E}
	EndGlobalSection
EndGlobal
