
Microsoft Visual Studio Solution File, Format Version 12.00
# Visual Studio Version 17
VisualStudioVersion = 17.0.31903.59
MinimumVisualStudioVersion = 10.0.40219.1
Project("{9A19103F-16F7-4668-BE54-9A1E7A4F7556}") = "WindowsService", "WindowsService\WindowsService.csproj", "{16550905-A91D-4E74-860D-056405BDC710}"
EndProject
Global
	GlobalSection(SolutionConfigurationPlatforms) = preSolution
		Debug|Any CPU = Debug|Any CPU
		Release|Any CPU = Release|Any CPU
	EndGlobalSection
	GlobalSection(ProjectConfigurationPlatforms) = postSolution
		{16550905-A91D-4E74-860D-056405BDC710}.Debug|Any CPU.ActiveCfg = Debug|Any CPU
		{16550905-A91D-4E74-860D-056405BDC710}.Debug|Any CPU.Build.0 = Debug|Any CPU
		{16550905-A91D-4E74-860D-056405BDC710}.Release|Any CPU.ActiveCfg = Release|Any CPU
		{16550905-A91D-4E74-860D-056405BDC710}.Release|Any CPU.Build.0 = Release|Any CPU
	EndGlobalSection
	GlobalSection(SolutionProperties) = preSolution
		HideSolutionNode = FALSE
	EndGlobalSection
	GlobalSection(ExtensibilityGlobals) = postSolution
		SolutionGuid = {38DFD9DE-6A57-4A7F-B446-282BA2BE1A6E}
	EndGlobalSection
EndGlobal
